
Microsoft Visual Studio Solution File, Format Version 12.00
# Visual Studio Version 16
VisualStudioVersion = 16.0.31624.102
MinimumVisualStudioVersion = 10.0.40219.1
Project("{FAE04EC0-301F-11D3-BF4B-00C04F79EFBC}") = "for loop uzdaviniai", "for loop uzdaviniai\for loop uzdaviniai.csproj", "{0297F3F7-7135-4F94-A027-D553312239EC}"
EndProject
Global
	GlobalSection(SolutionConfigurationPlatforms) = preSolution
		Debug|Any CPU = Debug|Any CPU
		Release|Any CPU = Release|Any CPU
	EndGlobalSection
	GlobalSection(ProjectConfigurationPlatforms) = postSolution
		{0297F3F7-7135-4F94-A027-D553312239EC}.Debug|Any CPU.ActiveCfg = Debug|Any CPU
		{0297F3F7-7135-4F94-A027-D553312239EC}.Debug|Any CPU.Build.0 = Debug|Any CPU
		{0297F3F7-7135-4F94-A027-D553312239EC}.Release|Any CPU.ActiveCfg = Release|Any CPU
		{0297F3F7-7135-4F94-A027-D553312239EC}.Release|Any CPU.Build.0 = Release|Any CPU
	EndGlobalSection
	GlobalSection(SolutionProperties) = preSolution
		HideSolutionNode = FALSE
	EndGlobalSection
	GlobalSection(ExtensibilityGlobals) = postSolution
		SolutionGuid = {956565DD-BC63-425B-BD30-CD1B6350EFE7}
	EndGlobalSection
EndGlobal
