
Microsoft Visual Studio Solution File, Format Version 12.00
# Visual Studio Version 16
VisualStudioVersion = 16.0.31624.102
MinimumVisualStudioVersion = 10.0.40219.1
Project("{FAE04EC0-301F-11D3-BF4B-00C04F79EFBC}") = "If lyginimas pakartojimas", "If lyginimas pakartojimas\If lyginimas pakartojimas.csproj", "{E967CBDC-126D-478F-9CCC-341940A93F1E}"
EndProject
Global
	GlobalSection(SolutionConfigurationPlatforms) = preSolution
		Debug|Any CPU = Debug|Any CPU
		Release|Any CPU = Release|Any CPU
	EndGlobalSection
	GlobalSection(ProjectConfigurationPlatforms) = postSolution
		{E967CBDC-126D-478F-9CCC-341940A93F1E}.Debug|Any CPU.ActiveCfg = Debug|Any CPU
		{E967CBDC-126D-478F-9CCC-341940A93F1E}.Debug|Any CPU.Build.0 = Debug|Any CPU
		{E967CBDC-126D-478F-9CCC-341940A93F1E}.Release|Any CPU.ActiveCfg = Release|Any CPU
		{E967CBDC-126D-478F-9CCC-341940A93F1E}.Release|Any CPU.Build.0 = Release|Any CPU
	EndGlobalSection
	GlobalSection(SolutionProperties) = preSolution
		HideSolutionNode = FALSE
	EndGlobalSection
	GlobalSection(ExtensibilityGlobals) = postSolution
		SolutionGuid = {DABD2BC7-CE96-4567-B22A-728C366B1765}
	EndGlobalSection
EndGlobal
