
Microsoft Visual Studio Solution File, Format Version 12.00
# Visual Studio Version 16
VisualStudioVersion = 16.0.31624.102
MinimumVisualStudioVersion = 10.0.40219.1
Project("{FAE04EC0-301F-11D3-BF4B-00C04F79EFBC}") = "Pirma pamoka", "Pirma pamoka\Pirma pamoka.csproj", "{47B9682C-9B84-4C30-9C32-2C4906B4965A}"
EndProject
Global
	GlobalSection(SolutionConfigurationPlatforms) = preSolution
		Debug|Any CPU = Debug|Any CPU
		Release|Any CPU = Release|Any CPU
	EndGlobalSection
	GlobalSection(ProjectConfigurationPlatforms) = postSolution
		{47B9682C-9B84-4C30-9C32-2C4906B4965A}.Debug|Any CPU.ActiveCfg = Debug|Any CPU
		{47B9682C-9B84-4C30-9C32-2C4906B4965A}.Debug|Any CPU.Build.0 = Debug|Any CPU
		{47B9682C-9B84-4C30-9C32-2C4906B4965A}.Release|Any CPU.ActiveCfg = Release|Any CPU
		{47B9682C-9B84-4C30-9C32-2C4906B4965A}.Release|Any CPU.Build.0 = Release|Any CPU
	EndGlobalSection
	GlobalSection(SolutionProperties) = preSolution
		HideSolutionNode = FALSE
	EndGlobalSection
	GlobalSection(ExtensibilityGlobals) = postSolution
		SolutionGuid = {84D82FCC-FC4C-456E-A632-3F3A9B1736C0}
	EndGlobalSection
EndGlobal
