
Microsoft Visual Studio Solution File, Format Version 12.00
# Visual Studio Version 16
VisualStudioVersion = 16.0.31702.278
MinimumVisualStudioVersion = 10.0.40219.1
Project("{FAE04EC0-301F-11D3-BF4B-00C04F79EFBC}") = "Uzduotis 4 garazas ir automobilis", "Uzduotis 4 garazas ir automobilis\Uzduotis 4 garazas ir automobilis.csproj", "{1DDB42E4-C4F4-408F-9C3F-B42804A0C44B}"
EndProject
Global
	GlobalSection(SolutionConfigurationPlatforms) = preSolution
		Debug|Any CPU = Debug|Any CPU
		Release|Any CPU = Release|Any CPU
	EndGlobalSection
	GlobalSection(ProjectConfigurationPlatforms) = postSolution
		{1DDB42E4-C4F4-408F-9C3F-B42804A0C44B}.Debug|Any CPU.ActiveCfg = Debug|Any CPU
		{1DDB42E4-C4F4-408F-9C3F-B42804A0C44B}.Debug|Any CPU.Build.0 = Debug|Any CPU
		{1DDB42E4-C4F4-408F-9C3F-B42804A0C44B}.Release|Any CPU.ActiveCfg = Release|Any CPU
		{1DDB42E4-C4F4-408F-9C3F-B42804A0C44B}.Release|Any CPU.Build.0 = Release|Any CPU
	EndGlobalSection
	GlobalSection(SolutionProperties) = preSolution
		HideSolutionNode = FALSE
	EndGlobalSection
	GlobalSection(ExtensibilityGlobals) = postSolution
		SolutionGuid = {E9C603F2-7A6F-4CEF-94F4-62B03FE11F64}
	EndGlobalSection
EndGlobal
