
Microsoft Visual Studio Solution File, Format Version 12.00
# Visual Studio Version 16
VisualStudioVersion = 16.0.31702.278
MinimumVisualStudioVersion = 10.0.40219.1
Project("{FAE04EC0-301F-11D3-BF4B-00C04F79EFBC}") = "8 Pamoka", "8 Pamoka\8 Pamoka.csproj", "{88FF53FF-C670-4F77-9689-590F33B1B83B}"
EndProject
Global
	GlobalSection(SolutionConfigurationPlatforms) = preSolution
		Debug|Any CPU = Debug|Any CPU
		Release|Any CPU = Release|Any CPU
	EndGlobalSection
	GlobalSection(ProjectConfigurationPlatforms) = postSolution
		{88FF53FF-C670-4F77-9689-590F33B1B83B}.Debug|Any CPU.ActiveCfg = Debug|Any CPU
		{88FF53FF-C670-4F77-9689-590F33B1B83B}.Debug|Any CPU.Build.0 = Debug|Any CPU
		{88FF53FF-C670-4F77-9689-590F33B1B83B}.Release|Any CPU.ActiveCfg = Release|Any CPU
		{88FF53FF-C670-4F77-9689-590F33B1B83B}.Release|Any CPU.Build.0 = Release|Any CPU
	EndGlobalSection
	GlobalSection(SolutionProperties) = preSolution
		HideSolutionNode = FALSE
	EndGlobalSection
	GlobalSection(ExtensibilityGlobals) = postSolution
		SolutionGuid = {26249B82-5185-437F-A517-7BACD9DBB9CE}
	EndGlobalSection
EndGlobal
