
Microsoft Visual Studio Solution File, Format Version 12.00
# Visual Studio Version 16
VisualStudioVersion = 16.0.31702.278
MinimumVisualStudioVersion = 10.0.40219.1
Project("{FAE04EC0-301F-11D3-BF4B-00C04F79EFBC}") = "Metodu pakartojimas visos užduotys", "Metodu pakartojimas visos užduotys\Metodu pakartojimas visos užduotys.csproj", "{64D8C6C4-1212-44FA-A09F-50956DD33829}"
EndProject
Global
	GlobalSection(SolutionConfigurationPlatforms) = preSolution
		Debug|Any CPU = Debug|Any CPU
		Release|Any CPU = Release|Any CPU
	EndGlobalSection
	GlobalSection(ProjectConfigurationPlatforms) = postSolution
		{64D8C6C4-1212-44FA-A09F-50956DD33829}.Debug|Any CPU.ActiveCfg = Debug|Any CPU
		{64D8C6C4-1212-44FA-A09F-50956DD33829}.Debug|Any CPU.Build.0 = Debug|Any CPU
		{64D8C6C4-1212-44FA-A09F-50956DD33829}.Release|Any CPU.ActiveCfg = Release|Any CPU
		{64D8C6C4-1212-44FA-A09F-50956DD33829}.Release|Any CPU.Build.0 = Release|Any CPU
	EndGlobalSection
	GlobalSection(SolutionProperties) = preSolution
		HideSolutionNode = FALSE
	EndGlobalSection
	GlobalSection(ExtensibilityGlobals) = postSolution
		SolutionGuid = {A248D394-5A26-4787-9CCA-D0CA13D0578A}
	EndGlobalSection
EndGlobal
