
Microsoft Visual Studio Solution File, Format Version 12.00
# Visual Studio Version 16
VisualStudioVersion = 16.0.31624.102
MinimumVisualStudioVersion = 10.0.40219.1
Project("{FAE04EC0-301F-11D3-BF4B-00C04F79EFBC}") = "Užduotis 2 while", "Užduotis 2 while\Užduotis 2 while.csproj", "{DD97D5FF-7701-45AB-8C08-1AEA3F0741B7}"
EndProject
Global
	GlobalSection(SolutionConfigurationPlatforms) = preSolution
		Debug|Any CPU = Debug|Any CPU
		Release|Any CPU = Release|Any CPU
	EndGlobalSection
	GlobalSection(ProjectConfigurationPlatforms) = postSolution
		{DD97D5FF-7701-45AB-8C08-1AEA3F0741B7}.Debug|Any CPU.ActiveCfg = Debug|Any CPU
		{DD97D5FF-7701-45AB-8C08-1AEA3F0741B7}.Debug|Any CPU.Build.0 = Debug|Any CPU
		{DD97D5FF-7701-45AB-8C08-1AEA3F0741B7}.Release|Any CPU.ActiveCfg = Release|Any CPU
		{DD97D5FF-7701-45AB-8C08-1AEA3F0741B7}.Release|Any CPU.Build.0 = Release|Any CPU
	EndGlobalSection
	GlobalSection(SolutionProperties) = preSolution
		HideSolutionNode = FALSE
	EndGlobalSection
	GlobalSection(ExtensibilityGlobals) = postSolution
		SolutionGuid = {1C0EF3CC-F685-4DA5-9956-CB94B65DA251}
	EndGlobalSection
EndGlobal
