
Microsoft Visual Studio Solution File, Format Version 12.00
# Visual Studio Version 16
VisualStudioVersion = 16.0.31624.102
MinimumVisualStudioVersion = 10.0.40219.1
Project("{FAE04EC0-301F-11D3-BF4B-00C04F79EFBC}") = "Antra papildoma užduotis", "Antra papildoma užduotis\Antra papildoma užduotis.csproj", "{DE0A26B9-ECD9-4F0F-B9A7-A70FC35AE3C8}"
EndProject
Global
	GlobalSection(SolutionConfigurationPlatforms) = preSolution
		Debug|Any CPU = Debug|Any CPU
		Release|Any CPU = Release|Any CPU
	EndGlobalSection
	GlobalSection(ProjectConfigurationPlatforms) = postSolution
		{DE0A26B9-ECD9-4F0F-B9A7-A70FC35AE3C8}.Debug|Any CPU.ActiveCfg = Debug|Any CPU
		{DE0A26B9-ECD9-4F0F-B9A7-A70FC35AE3C8}.Debug|Any CPU.Build.0 = Debug|Any CPU
		{DE0A26B9-ECD9-4F0F-B9A7-A70FC35AE3C8}.Release|Any CPU.ActiveCfg = Release|Any CPU
		{DE0A26B9-ECD9-4F0F-B9A7-A70FC35AE3C8}.Release|Any CPU.Build.0 = Release|Any CPU
	EndGlobalSection
	GlobalSection(SolutionProperties) = preSolution
		HideSolutionNode = FALSE
	EndGlobalSection
	GlobalSection(ExtensibilityGlobals) = postSolution
		SolutionGuid = {ECFD053D-06B9-46DF-8F51-66FC0A32EE79}
	EndGlobalSection
EndGlobal
