
Microsoft Visual Studio Solution File, Format Version 12.00
# Visual Studio Version 16
VisualStudioVersion = 16.0.31515.178
MinimumVisualStudioVersion = 10.0.40219.1
Project("{FAE04EC0-301F-11D3-BF4B-00C04F79EFBC}") = "Iplicint type covertion", "Iplicint type covertion.csproj", "{1C1B09E9-5FD4-48F0-B39E-3C83E4DFA806}"
EndProject
Global
	GlobalSection(SolutionConfigurationPlatforms) = preSolution
		Debug|Any CPU = Debug|Any CPU
		Release|Any CPU = Release|Any CPU
	EndGlobalSection
	GlobalSection(ProjectConfigurationPlatforms) = postSolution
		{1C1B09E9-5FD4-48F0-B39E-3C83E4DFA806}.Debug|Any CPU.ActiveCfg = Debug|Any CPU
		{1C1B09E9-5FD4-48F0-B39E-3C83E4DFA806}.Debug|Any CPU.Build.0 = Debug|Any CPU
		{1C1B09E9-5FD4-48F0-B39E-3C83E4DFA806}.Release|Any CPU.ActiveCfg = Release|Any CPU
		{1C1B09E9-5FD4-48F0-B39E-3C83E4DFA806}.Release|Any CPU.Build.0 = Release|Any CPU
	EndGlobalSection
	GlobalSection(SolutionProperties) = preSolution
		HideSolutionNode = FALSE
	EndGlobalSection
	GlobalSection(ExtensibilityGlobals) = postSolution
		SolutionGuid = {857BAF23-C8FE-4DCD-B952-72074811F1DE}
	EndGlobalSection
EndGlobal
