
Microsoft Visual Studio Solution File, Format Version 12.00
# Visual Studio Version 16
VisualStudioVersion = 16.0.31624.102
MinimumVisualStudioVersion = 10.0.40219.1
Project("{FAE04EC0-301F-11D3-BF4B-00C04F79EFBC}") = "Lyginti tris skaicius, kuris didesnis", "Lyginti tris skaicius, kuris didesnis\Lyginti tris skaicius, kuris didesnis.csproj", "{9DF9DEEC-0E6B-4921-B932-29DF9A26DCE0}"
EndProject
Global
	GlobalSection(SolutionConfigurationPlatforms) = preSolution
		Debug|Any CPU = Debug|Any CPU
		Release|Any CPU = Release|Any CPU
	EndGlobalSection
	GlobalSection(ProjectConfigurationPlatforms) = postSolution
		{9DF9DEEC-0E6B-4921-B932-29DF9A26DCE0}.Debug|Any CPU.ActiveCfg = Debug|Any CPU
		{9DF9DEEC-0E6B-4921-B932-29DF9A26DCE0}.Debug|Any CPU.Build.0 = Debug|Any CPU
		{9DF9DEEC-0E6B-4921-B932-29DF9A26DCE0}.Release|Any CPU.ActiveCfg = Release|Any CPU
		{9DF9DEEC-0E6B-4921-B932-29DF9A26DCE0}.Release|Any CPU.Build.0 = Release|Any CPU
	EndGlobalSection
	GlobalSection(SolutionProperties) = preSolution
		HideSolutionNode = FALSE
	EndGlobalSection
	GlobalSection(ExtensibilityGlobals) = postSolution
		SolutionGuid = {228DE53D-3FEE-46A7-998B-54CD6E701CED}
	EndGlobalSection
EndGlobal
