
Microsoft Visual Studio Solution File, Format Version 12.00
# Visual Studio Version 16
VisualStudioVersion = 16.0.31702.278
MinimumVisualStudioVersion = 10.0.40219.1
Project("{FAE04EC0-301F-11D3-BF4B-00C04F79EFBC}") = "Masyvai pasikartojimas", "Masyvai pasikartojimas\Masyvai pasikartojimas.csproj", "{4E9016FB-D7FD-4C61-92BF-240C4C843D32}"
EndProject
Global
	GlobalSection(SolutionConfigurationPlatforms) = preSolution
		Debug|Any CPU = Debug|Any CPU
		Release|Any CPU = Release|Any CPU
	EndGlobalSection
	GlobalSection(ProjectConfigurationPlatforms) = postSolution
		{4E9016FB-D7FD-4C61-92BF-240C4C843D32}.Debug|Any CPU.ActiveCfg = Debug|Any CPU
		{4E9016FB-D7FD-4C61-92BF-240C4C843D32}.Debug|Any CPU.Build.0 = Debug|Any CPU
		{4E9016FB-D7FD-4C61-92BF-240C4C843D32}.Release|Any CPU.ActiveCfg = Release|Any CPU
		{4E9016FB-D7FD-4C61-92BF-240C4C843D32}.Release|Any CPU.Build.0 = Release|Any CPU
	EndGlobalSection
	GlobalSection(SolutionProperties) = preSolution
		HideSolutionNode = FALSE
	EndGlobalSection
	GlobalSection(ExtensibilityGlobals) = postSolution
		SolutionGuid = {0EDB54B3-9758-4253-8F7E-39C240BD46FB}
	EndGlobalSection
EndGlobal
