
Microsoft Visual Studio Solution File, Format Version 12.00
# Visual Studio Version 16
VisualStudioVersion = 16.0.31702.278
MinimumVisualStudioVersion = 10.0.40219.1
Project("{FAE04EC0-301F-11D3-BF4B-00C04F79EFBC}") = "CodeWithMosh 3 TimeSpan", "CodeWithMosh 3 TimeSpan\CodeWithMosh 3 TimeSpan.csproj", "{7DF3226C-447D-4258-8A00-11EAEC7288A2}"
EndProject
Global
	GlobalSection(SolutionConfigurationPlatforms) = preSolution
		Debug|Any CPU = Debug|Any CPU
		Release|Any CPU = Release|Any CPU
	EndGlobalSection
	GlobalSection(ProjectConfigurationPlatforms) = postSolution
		{7DF3226C-447D-4258-8A00-11EAEC7288A2}.Debug|Any CPU.ActiveCfg = Debug|Any CPU
		{7DF3226C-447D-4258-8A00-11EAEC7288A2}.Debug|Any CPU.Build.0 = Debug|Any CPU
		{7DF3226C-447D-4258-8A00-11EAEC7288A2}.Release|Any CPU.ActiveCfg = Release|Any CPU
		{7DF3226C-447D-4258-8A00-11EAEC7288A2}.Release|Any CPU.Build.0 = Release|Any CPU
	EndGlobalSection
	GlobalSection(SolutionProperties) = preSolution
		HideSolutionNode = FALSE
	EndGlobalSection
	GlobalSection(ExtensibilityGlobals) = postSolution
		SolutionGuid = {1C32D9F1-35E6-4AC1-8C5F-1014ABBE0C94}
	EndGlobalSection
EndGlobal
