
Microsoft Visual Studio Solution File, Format Version 12.00
# Visual Studio Version 16
VisualStudioVersion = 16.0.31624.102
MinimumVisualStudioVersion = 10.0.40219.1
Project("{FAE04EC0-301F-11D3-BF4B-00C04F79EFBC}") = "Ciklai_pamokos", "Ciklai_pamokos\Ciklai_pamokos.csproj", "{16A43F58-A2C2-4255-9BE7-3B4D59800E52}"
EndProject
Global
	GlobalSection(SolutionConfigurationPlatforms) = preSolution
		Debug|Any CPU = Debug|Any CPU
		Release|Any CPU = Release|Any CPU
	EndGlobalSection
	GlobalSection(ProjectConfigurationPlatforms) = postSolution
		{16A43F58-A2C2-4255-9BE7-3B4D59800E52}.Debug|Any CPU.ActiveCfg = Debug|Any CPU
		{16A43F58-A2C2-4255-9BE7-3B4D59800E52}.Debug|Any CPU.Build.0 = Debug|Any CPU
		{16A43F58-A2C2-4255-9BE7-3B4D59800E52}.Release|Any CPU.ActiveCfg = Release|Any CPU
		{16A43F58-A2C2-4255-9BE7-3B4D59800E52}.Release|Any CPU.Build.0 = Release|Any CPU
	EndGlobalSection
	GlobalSection(SolutionProperties) = preSolution
		HideSolutionNode = FALSE
	EndGlobalSection
	GlobalSection(ExtensibilityGlobals) = postSolution
		SolutionGuid = {285730E1-CE20-4FF2-A940-2F27E60ED7DD}
	EndGlobalSection
EndGlobal
