
Microsoft Visual Studio Solution File, Format Version 12.00
# Visual Studio Version 16
VisualStudioVersion = 16.0.31515.178
MinimumVisualStudioVersion = 10.0.40219.1
Project("{FAE04EC0-301F-11D3-BF4B-00C04F79EFBC}") = "Strings", "Strings.csproj", "{FA03682B-9DD0-42B8-8F6D-F1A886DFB24A}"
EndProject
Global
	GlobalSection(SolutionConfigurationPlatforms) = preSolution
		Debug|Any CPU = Debug|Any CPU
		Release|Any CPU = Release|Any CPU
	EndGlobalSection
	GlobalSection(ProjectConfigurationPlatforms) = postSolution
		{FA03682B-9DD0-42B8-8F6D-F1A886DFB24A}.Debug|Any CPU.ActiveCfg = Debug|Any CPU
		{FA03682B-9DD0-42B8-8F6D-F1A886DFB24A}.Debug|Any CPU.Build.0 = Debug|Any CPU
		{FA03682B-9DD0-42B8-8F6D-F1A886DFB24A}.Release|Any CPU.ActiveCfg = Release|Any CPU
		{FA03682B-9DD0-42B8-8F6D-F1A886DFB24A}.Release|Any CPU.Build.0 = Release|Any CPU
	EndGlobalSection
	GlobalSection(SolutionProperties) = preSolution
		HideSolutionNode = FALSE
	EndGlobalSection
	GlobalSection(ExtensibilityGlobals) = postSolution
		SolutionGuid = {B0BD2B77-3827-4F66-84FA-B0D12E80F650}
	EndGlobalSection
EndGlobal
