
Microsoft Visual Studio Solution File, Format Version 12.00
# Visual Studio Version 16
VisualStudioVersion = 16.0.31624.102
MinimumVisualStudioVersion = 10.0.40219.1
Project("{FAE04EC0-301F-11D3-BF4B-00C04F79EFBC}") = "Ketvirta papildoma užduotis", "Ketvirta papildoma užduotis\Ketvirta papildoma užduotis.csproj", "{A4883C67-A63D-4E16-A592-D08B7EA7FF49}"
EndProject
Global
	GlobalSection(SolutionConfigurationPlatforms) = preSolution
		Debug|Any CPU = Debug|Any CPU
		Release|Any CPU = Release|Any CPU
	EndGlobalSection
	GlobalSection(ProjectConfigurationPlatforms) = postSolution
		{A4883C67-A63D-4E16-A592-D08B7EA7FF49}.Debug|Any CPU.ActiveCfg = Debug|Any CPU
		{A4883C67-A63D-4E16-A592-D08B7EA7FF49}.Debug|Any CPU.Build.0 = Debug|Any CPU
		{A4883C67-A63D-4E16-A592-D08B7EA7FF49}.Release|Any CPU.ActiveCfg = Release|Any CPU
		{A4883C67-A63D-4E16-A592-D08B7EA7FF49}.Release|Any CPU.Build.0 = Release|Any CPU
	EndGlobalSection
	GlobalSection(SolutionProperties) = preSolution
		HideSolutionNode = FALSE
	EndGlobalSection
	GlobalSection(ExtensibilityGlobals) = postSolution
		SolutionGuid = {C4F1C647-BF07-4AE8-9EA5-B04E0712C402}
	EndGlobalSection
EndGlobal
