
Microsoft Visual Studio Solution File, Format Version 12.00
# Visual Studio Version 16
VisualStudioVersion = 16.0.31624.102
MinimumVisualStudioVersion = 10.0.40219.1
Project("{FAE04EC0-301F-11D3-BF4B-00C04F79EFBC}") = "Slaptas skaicius", "Slaptas skaicius\Slaptas skaicius.csproj", "{73B1E02C-71D3-40B9-A800-FF7101AA6F90}"
EndProject
Global
	GlobalSection(SolutionConfigurationPlatforms) = preSolution
		Debug|Any CPU = Debug|Any CPU
		Release|Any CPU = Release|Any CPU
	EndGlobalSection
	GlobalSection(ProjectConfigurationPlatforms) = postSolution
		{73B1E02C-71D3-40B9-A800-FF7101AA6F90}.Debug|Any CPU.ActiveCfg = Debug|Any CPU
		{73B1E02C-71D3-40B9-A800-FF7101AA6F90}.Debug|Any CPU.Build.0 = Debug|Any CPU
		{73B1E02C-71D3-40B9-A800-FF7101AA6F90}.Release|Any CPU.ActiveCfg = Release|Any CPU
		{73B1E02C-71D3-40B9-A800-FF7101AA6F90}.Release|Any CPU.Build.0 = Release|Any CPU
	EndGlobalSection
	GlobalSection(SolutionProperties) = preSolution
		HideSolutionNode = FALSE
	EndGlobalSection
	GlobalSection(ExtensibilityGlobals) = postSolution
		SolutionGuid = {46D45F68-827D-4BDD-BD8A-B06D68B079D0}
	EndGlobalSection
EndGlobal
