
Microsoft Visual Studio Solution File, Format Version 12.00
# Visual Studio Version 16
VisualStudioVersion = 16.0.31515.178
MinimumVisualStudioVersion = 10.0.40219.1
Project("{FAE04EC0-301F-11D3-BF4B-00C04F79EFBC}") = "Operators", "Operators.csproj", "{752A53AB-776F-41BF-9D71-269776092E31}"
EndProject
Project("{2150E333-8FDC-42A3-9474-1A3956D46DE8}") = "Math", "Math", "{69066DAC-55A2-400F-B354-9A5E564A607D}"
EndProject
Global
	GlobalSection(SolutionConfigurationPlatforms) = preSolution
		Debug|Any CPU = Debug|Any CPU
		Release|Any CPU = Release|Any CPU
	EndGlobalSection
	GlobalSection(ProjectConfigurationPlatforms) = postSolution
		{752A53AB-776F-41BF-9D71-269776092E31}.Debug|Any CPU.ActiveCfg = Debug|Any CPU
		{752A53AB-776F-41BF-9D71-269776092E31}.Debug|Any CPU.Build.0 = Debug|Any CPU
		{752A53AB-776F-41BF-9D71-269776092E31}.Release|Any CPU.ActiveCfg = Release|Any CPU
		{752A53AB-776F-41BF-9D71-269776092E31}.Release|Any CPU.Build.0 = Release|Any CPU
	EndGlobalSection
	GlobalSection(SolutionProperties) = preSolution
		HideSolutionNode = FALSE
	EndGlobalSection
	GlobalSection(ExtensibilityGlobals) = postSolution
		SolutionGuid = {EB284FD2-2B61-4D91-8189-F33400E6860A}
	EndGlobalSection
EndGlobal
