
Microsoft Visual Studio Solution File, Format Version 12.00
# Visual Studio Version 16
VisualStudioVersion = 16.0.31624.102
MinimumVisualStudioVersion = 10.0.40219.1
Project("{FAE04EC0-301F-11D3-BF4B-00C04F79EFBC}") = "Uzduotis medis", "Uzduotis medis\Uzduotis medis.csproj", "{23C4DB15-E8C9-4591-A2C5-EF23EC510D00}"
EndProject
Global
	GlobalSection(SolutionConfigurationPlatforms) = preSolution
		Debug|Any CPU = Debug|Any CPU
		Release|Any CPU = Release|Any CPU
	EndGlobalSection
	GlobalSection(ProjectConfigurationPlatforms) = postSolution
		{23C4DB15-E8C9-4591-A2C5-EF23EC510D00}.Debug|Any CPU.ActiveCfg = Debug|Any CPU
		{23C4DB15-E8C9-4591-A2C5-EF23EC510D00}.Debug|Any CPU.Build.0 = Debug|Any CPU
		{23C4DB15-E8C9-4591-A2C5-EF23EC510D00}.Release|Any CPU.ActiveCfg = Release|Any CPU
		{23C4DB15-E8C9-4591-A2C5-EF23EC510D00}.Release|Any CPU.Build.0 = Release|Any CPU
	EndGlobalSection
	GlobalSection(SolutionProperties) = preSolution
		HideSolutionNode = FALSE
	EndGlobalSection
	GlobalSection(ExtensibilityGlobals) = postSolution
		SolutionGuid = {1E6B510A-C301-495B-9505-4BE917AD73C0}
	EndGlobalSection
EndGlobal
