
Microsoft Visual Studio Solution File, Format Version 12.00
# Visual Studio Version 16
VisualStudioVersion = 16.0.31624.102
MinimumVisualStudioVersion = 10.0.40219.1
Project("{FAE04EC0-301F-11D3-BF4B-00C04F79EFBC}") = "Pirmos paskaitos pakartojimas", "Pirmos paskaitos pakartojimas\Pirmos paskaitos pakartojimas.csproj", "{DAEB45AD-EE27-4C77-A0F5-90448526DC32}"
EndProject
Global
	GlobalSection(SolutionConfigurationPlatforms) = preSolution
		Debug|Any CPU = Debug|Any CPU
		Release|Any CPU = Release|Any CPU
	EndGlobalSection
	GlobalSection(ProjectConfigurationPlatforms) = postSolution
		{DAEB45AD-EE27-4C77-A0F5-90448526DC32}.Debug|Any CPU.ActiveCfg = Debug|Any CPU
		{DAEB45AD-EE27-4C77-A0F5-90448526DC32}.Debug|Any CPU.Build.0 = Debug|Any CPU
		{DAEB45AD-EE27-4C77-A0F5-90448526DC32}.Release|Any CPU.ActiveCfg = Release|Any CPU
		{DAEB45AD-EE27-4C77-A0F5-90448526DC32}.Release|Any CPU.Build.0 = Release|Any CPU
	EndGlobalSection
	GlobalSection(SolutionProperties) = preSolution
		HideSolutionNode = FALSE
	EndGlobalSection
	GlobalSection(ExtensibilityGlobals) = postSolution
		SolutionGuid = {1963ED55-7038-4A2C-A42F-FA24DB5B2634}
	EndGlobalSection
EndGlobal
